// !$*UTF8*$!
{
	archiveVersion = 1;
	classes = {
	};
	objectVersion = 46;
	objects = {

/* Begin PBXBuildFile section */
		690E42E81CA310B400189326 /* MonsterImg.swift in Sources */ = {isa = PBXBuildFile; fileRef = 690E42E71CA310B400189326 /* MonsterImg.swift */; };
		690E42ED1CA321B700189326 /* bite.wav in Resources */ = {isa = PBXBuildFile; fileRef = 690E42E91CA321B700189326 /* bite.wav */; };
		690E42EE1CA321B700189326 /* death.wav in Resources */ = {isa = PBXBuildFile; fileRef = 690E42EA1CA321B700189326 /* death.wav */; };
		690E42EF1CA321B700189326 /* heart.wav in Resources */ = {isa = PBXBuildFile; fileRef = 690E42EB1CA321B700189326 /* heart.wav */; };
		690E42F01CA321B700189326 /* skull.wav in Resources */ = {isa = PBXBuildFile; fileRef = 690E42EC1CA321B700189326 /* skull.wav */; };
		690E42F21CA321BE00189326 /* cave-music.mp3 in Resources */ = {isa = PBXBuildFile; fileRef = 690E42F11CA321BE00189326 /* cave-music.mp3 */; };
		694E11B31C99D8FB00B9635B /* AppDelegate.swift in Sources */ = {isa = PBXBuildFile; fileRef = 694E11B21C99D8FB00B9635B /* AppDelegate.swift */; };
		694E11B51C99D8FB00B9635B /* ViewController.swift in Sources */ = {isa = PBXBuildFile; fileRef = 694E11B41C99D8FB00B9635B /* ViewController.swift */; };
		694E11B81C99D8FB00B9635B /* Main.storyboard in Resources */ = {isa = PBXBuildFile; fileRef = 694E11B61C99D8FB00B9635B /* Main.storyboard */; };
		694E11BA1C99D8FB00B9635B /* Assets.xcassets in Resources */ = {isa = PBXBuildFile; fileRef = 694E11B91C99D8FB00B9635B /* Assets.xcassets */; };
		694E11BD1C99D8FB00B9635B /* LaunchScreen.storyboard in Resources */ = {isa = PBXBuildFile; fileRef = 694E11BB1C99D8FB00B9635B /* LaunchScreen.storyboard */; };
		694E11C51C99E16200B9635B /* DragImg.swift in Sources */ = {isa = PBXBuildFile; fileRef = 694E11C41C99E16200B9635B /* DragImg.swift */; };
/* End PBXBuildFile section */

/* Begin PBXFileReference section */
		690E42E71CA310B400189326 /* MonsterImg.swift */ = {isa = PBXFileReference; fileEncoding = 4; lastKnownFileType = sourcecode.swift; path = MonsterImg.swift; sourceTree = "<group>"; };
		690E42E91CA321B700189326 /* bite.wav */ = {isa = PBXFileReference; lastKnownFileType = audio.wav; path = bite.wav; sourceTree = "<group>"; };
		690E42EA1CA321B700189326 /* death.wav */ = {isa = PBXFileReference; lastKnownFileType = audio.wav; path = death.wav; sourceTree = "<group>"; };
		690E42EB1CA321B700189326 /* heart.wav */ = {isa = PBXFileReference; lastKnownFileType = audio.wav; path = heart.wav; sourceTree = "<group>"; };
		690E42EC1CA321B700189326 /* skull.wav */ = {isa = PBXFileReference; lastKnownFileType = audio.wav; path = skull.wav; sourceTree = "<group>"; };
		690E42F11CA321BE00189326 /* cave-music.mp3 */ = {isa = PBXFileReference; lastKnownFileType = audio.mp3; path = "cave-music.mp3"; sourceTree = "<group>"; };
		694E11AF1C99D8FB00B9635B /* myMonster.app */ = {isa = PBXFileReference; explicitFileType = wrapper.application; includeInIndex = 0; path = myMonster.app; sourceTree = BUILT_PRODUCTS_DIR; };
		694E11B21C99D8FB00B9635B /* AppDelegate.swift */ = {isa = PBXFileReference; lastKnownFileType = sourcecode.swift; path = AppDelegate.swift; sourceTree = "<group>"; };
		694E11B41C99D8FB00B9635B /* ViewController.swift */ = {isa = PBXFileReference; lastKnownFileType = sourcecode.swift; path = ViewController.swift; sourceTree = "<group>"; };
		694E11B71C99D8FB00B9635B /* Base */ = {isa = PBXFileReference; lastKnownFileType = file.storyboard; name = Base; path = Base.lproj/Main.storyboard; sourceTree = "<group>"; };
		694E11B91C99D8FB00B9635B /* Assets.xcassets */ = {isa = PBXFileReference; lastKnownFileType = folder.assetcatalog; path = Assets.xcassets; sourceTree = "<group>"; };
		694E11BC1C99D8FB00B9635B /* Base */ = {isa = PBXFileReference; lastKnownFileType = file.storyboard; name = Base; path = Base.lproj/LaunchScreen.storyboard; sourceTree = "<group>"; };
		694E11BE1C99D8FB00B9635B /* Info.plist */ = {isa = PBXFileReference; lastKnownFileType = text.plist.xml; path = Info.plist; sourceTree = "<group>"; };
		694E11C41C99E16200B9635B /* DragImg.swift */ = {isa = PBXFileReference; fileEncoding = 4; lastKnownFileType = sourcecode.swift; path = DragImg.swift; sourceTree = "<group>"; };
/* End PBXFileReference section */

/* Begin PBXFrameworksBuildPhase section */
		694E11AC1C99D8FB00B9635B /* Frameworks */ = {
			isa = PBXFrameworksBuildPhase;
			buildActionMask = 2147483647;
			files = (
			);
			runOnlyForDeploymentPostprocessing = 0;
		};
/* End PBXFrameworksBuildPhase section */

/* Begin PBXGroup section */
		694E11A61C99D8FB00B9635B = {
			isa = PBXGroup;
			children = (
				694E11B11C99D8FB00B9635B /* myMonster */,
				694E11B01C99D8FB00B9635B /* Products */,
			);
			sourceTree = "<group>";
		};
		694E11B01C99D8FB00B9635B /* Products */ = {
			isa = PBXGroup;
			children = (
				694E11AF1C99D8FB00B9635B /* myMonster.app */,
			);
			name = Products;
			sourceTree = "<group>";
		};
		694E11B11C99D8FB00B9635B /* myMonster */ = {
			isa = PBXGroup;
			children = (
				690E42E91CA321B700189326 /* bite.wav */,
				690E42EA1CA321B700189326 /* death.wav */,
				690E42EB1CA321B700189326 /* heart.wav */,
				690E42EC1CA321B700189326 /* skull.wav */,
				690E42F11CA321BE00189326 /* cave-music.mp3 */,
				694E11B21C99D8FB00B9635B /* AppDelegate.swift */,
				694E11B41C99D8FB00B9635B /* ViewController.swift */,
				694E11B61C99D8FB00B9635B /* Main.storyboard */,
				694E11B91C99D8FB00B9635B /* Assets.xcassets */,
				694E11BB1C99D8FB00B9635B /* LaunchScreen.storyboard */,
				694E11BE1C99D8FB00B9635B /* Info.plist */,
				694E11C41C99E16200B9635B /* DragImg.swift */,
				690E42E71CA310B400189326 /* MonsterImg.swift */,
			);
			path = myMonster;
			sourceTree = "<group>";
		};
/* End PBXGroup section */

/* Begin PBXNativeTarget section */
		694E11AE1C99D8FB00B9635B /* myMonster */ = {
			isa = PBXNativeTarget;
			buildConfigurationList = 694E11C11C99D8FB00B9635B /* Build configuration list for PBXNativeTarget "myMonster" */;
			buildPhases = (
				694E11AB1C99D8FB00B9635B /* Sources */,
				694E11AC1C99D8FB00B9635B /* Frameworks */,
				694E11AD1C99D8FB00B9635B /* Resources */,
			);
			buildRules = (
			);
			dependencies = (
			);
			name = myMonster;
			productName = myMonster;
			productReference = 694E11AF1C99D8FB00B9635B /* myMonster.app */;
			productType = "com.apple.product-type.application";
		};
/* End PBXNativeTarget section */

/* Begin PBXProject section */
		694E11A71C99D8FB00B9635B /* Project object */ = {
			isa = PBXProject;
			attributes = {
				LastSwiftUpdateCheck = 0720;
				LastUpgradeCheck = 0720;
				ORGANIZATIONNAME = rolp;
				TargetAttributes = {
					694E11AE1C99D8FB00B9635B = {
						CreatedOnToolsVersion = 7.2.1;
						DevelopmentTeam = MGX2XCNU48;
					};
				};
			};
			buildConfigurationList = 694E11AA1C99D8FB00B9635B /* Build configuration list for PBXProject "myMonster" */;
			compatibilityVersion = "Xcode 3.2";
			developmentRegion = English;
			hasScannedForEncodings = 0;
			knownRegions = (
				en,
				Base,
			);
			mainGroup = 694E11A61C99D8FB00B9635B;
			productRefGroup = 694E11B01C99D8FB00B9635B /* Products */;
			projectDirPath = "";
			projectRoot = "";
			targets = (
				694E11AE1C99D8FB00B9635B /* myMonster */,
			);
		};
/* End PBXProject section */

/* Begin PBXResourcesBuildPhase section */
		694E11AD1C99D8FB00B9635B /* Resources */ = {
			isa = PBXResourcesBuildPhase;
			buildActionMask = 2147483647;
			files = (
				690E42EE1CA321B700189326 /* death.wav in Resources */,
				690E42F21CA321BE00189326 /* cave-music.mp3 in Resources */,
				690E42EF1CA321B700189326 /* heart.wav in Resources */,
				690E42F01CA321B700189326 /* skull.wav in Resources */,
				690E42ED1CA321B700189326 /* bite.wav in Resources */,
				694E11BD1C99D8FB00B9635B /* LaunchScreen.storyboard in Resources */,
				694E11BA1C99D8FB00B9635B /* Assets.xcassets in Resources */,
				694E11B81C99D8FB00B9635B /* Main.storyboard in Resources */,
			);
			runOnlyForDeploymentPostprocessing = 0;
		};
/* End PBXResourcesBuildPhase section */

/* Begin PBXSourcesBuildPhase section */
		694E11AB1C99D8FB00B9635B /* Sources */ = {
			isa = PBXSourcesBuildPhase;
			buildActionMask = 2147483647;
			files = (
				690E42E81CA310B400189326 /* MonsterImg.swift in Sources */,
				694E11C51C99E16200B9635B /* DragImg.swift in Sources */,
				694E11B51C99D8FB00B9635B /* ViewController.swift in Sources */,
				694E11B31C99D8FB00B9635B /* AppDelegate.swift in Sources */,
			);
			runOnlyForDeploymentPostprocessing = 0;
		};
/* End PBXSourcesBuildPhase section */

/* Begin PBXVariantGroup section */
		694E11B61C99D8FB00B9635B /* Main.storyboard */ = {
			isa = PBXVariantGroup;
			children = (
				694E11B71C99D8FB00B9635B /* Base */,
			);
			name = Main.storyboard;
			sourceTree = "<group>";
		};
		694E11BB1C99D8FB00B9635B /* LaunchScreen.storyboard */ = {
			isa = PBXVariantGroup;
			children = (
				694E11BC1C99D8FB00B9635B /* Base */,
			);
			name = LaunchScreen.storyboard;
			sourceTree = "<group>";
		};
/* End PBXVariantGroup section */

/* Begin XCBuildConfiguration section */
		694E11BF1C99D8FB00B9635B /* Debug */ = {
			isa = XCBuildConfiguration;
			buildSettings = {
				ALWAYS_SEARCH_USER_PATHS = NO;
				CLANG_CXX_LANGUAGE_STANDARD = "gnu++0x";
				CLANG_CXX_LIBRARY = "libc++";
				CLANG_ENABLE_MODULES = YES;
				CLANG_ENABLE_OBJC_ARC = YES;
				CLANG_WARN_BOOL_CONVERSION = YES;
				CLANG_WARN_CONSTANT_CONVERSION = YES;
				CLANG_WARN_DIRECT_OBJC_ISA_USAGE = YES_ERROR;
				CLANG_WARN_EMPTY_BODY = YES;
				CLANG_WARN_ENUM_CONVERSION = YES;
				CLANG_WARN_INT_CONVERSION = YES;
				CLANG_WARN_OBJC_ROOT_CLASS = YES_ERROR;
				CLANG_WARN_UNREACHABLE_CODE = YES;
				CLANG_WARN__DUPLICATE_METHOD_MATCH = YES;
				"CODE_SIGN_IDENTITY[sdk=iphoneos*]" = "iPhone Developer";
				COPY_PHASE_STRIP = NO;
				DEBUG_INFORMATION_FORMAT = dwarf;
				ENABLE_STRICT_OBJC_MSGSEND = YES;
				ENABLE_TESTABILITY = YES;
				GCC_C_LANGUAGE_STANDARD = gnu99;
				GCC_DYNAMIC_NO_PIC = NO;
				GCC_NO_COMMON_BLOCKS = YES;
				GCC_OPTIMIZATION_LEVEL = 0;
				GCC_PREPROCESSOR_DEFINITIONS = (
					"DEBUG=1",
					"$(inherited)",
				);
				GCC_WARN_64_TO_32_BIT_CONVERSION = YES;
				GCC_WARN_ABOUT_RETURN_TYPE = YES_ERROR;
				GCC_WARN_UNDECLARED_SELECTOR = YES;
				GCC_WARN_UNINITIALIZED_AUTOS = YES_AGGRESSIVE;
				GCC_WARN_UNUSED_FUNCTION = YES;
				GCC_WARN_UNUSED_VARIABLE = YES;
				IPHONEOS_DEPLOYMENT_TARGET = 9.2;
				MTL_ENABLE_DEBUG_INFO = YES;
				ONLY_ACTIVE_ARCH = YES;
				SDKROOT = iphoneos;
				SWIFT_OPTIMIZATION_LEVEL = "-Onone";
			};
			name = Debug;
		};
		694E11C01C99D8FB00B9635B /* Release */ = {
			isa = XCBuildConfiguration;
			buildSettings = {
				ALWAYS_SEARCH_USER_PATHS = NO;
				CLANG_CXX_LANGUAGE_STANDARD = "gnu++0x";
				CLANG_CXX_LIBRARY = "libc++";
				CLANG_ENABLE_MODULES = YES;
				CLANG_ENABLE_OBJC_ARC = YES;
				CLANG_WARN_BOOL_CONVERSION = YES;
				CLANG_WARN_CONSTANT_CONVERSION = YES;
				CLANG_WARN_DIRECT_OBJC_ISA_USAGE = YES_ERROR;
				CLANG_WARN_EMPTY_BODY = YES;
				CLANG_WARN_ENUM_CONVERSION = YES;
				CLANG_WARN_INT_CONVERSION = YES;
				CLANG_WARN_OBJC_ROOT_CLASS = YES_ERROR;
				CLANG_WARN_UNREACHABLE_CODE = YES;
				CLANG_WARN__DUPLICATE_METHOD_MATCH = YES;
				"CODE_SIGN_IDENTITY[sdk=iphoneos*]" = "iPhone Developer";
				COPY_PHASE_STRIP = NO;
				DEBUG_INFORMATION_FORMAT = "dwarf-with-dsym";
				ENABLE_NS_ASSERTIONS = NO;
				ENABLE_STRICT_OBJC_MSGSEND = YES;
				GCC_C_LANGUAGE_STANDARD = gnu99;
				GCC_NO_COMMON_BLOCKS = YES;
				GCC_WARN_64_TO_32_BIT_CONVERSION = YES;
				GCC_WARN_ABOUT_RETURN_TYPE = YES_ERROR;
				GCC_WARN_UNDECLARED_SELECTOR = YES;
				GCC_WARN_UNINITIALIZED_AUTOS = YES_AGGRESSIVE;
				GCC_WARN_UNUSED_FUNCTION = YES;
				GCC_WARN_UNUSED_VARIABLE = YES;
				IPHONEOS_DEPLOYMENT_TARGET = 9.2;
				MTL_ENABLE_DEBUG_INFO = NO;
				SDKROOT = iphoneos;
				VALIDATE_PRODUCT = YES;
			};
			name = Release;
		};
		694E11C21C99D8FB00B9635B /* Debug */ = {
			isa = XCBuildConfiguration;
			buildSettings = {
				ASSETCATALOG_COMPILER_APPICON_NAME = AppIcon;
				INFOPLIST_FILE = myMonster/Info.plist;
				LD_RUNPATH_SEARCH_PATHS = "$(inherited) @executable_path/Frameworks";
				PRODUCT_BUNDLE_IDENTIFIER = com.rolp.myMonster;
				PRODUCT_NAME = "$(TARGET_NAME)";
			};
			name = Debug;
		};
		694E11C31C99D8FB00B9635B /* Release */ = {
			isa = XCBuildConfiguration;
			buildSettings = {
				ASSETCATALOG_COMPILER_APPICON_NAME = AppIcon;
				INFOPLIST_FILE = myMonster/Info.plist;
				LD_RUNPATH_SEARCH_PATHS = "$(inherited) @executable_path/Frameworks";
				PRODUCT_BUNDLE_IDENTIFIER = com.rolp.myMonster;
				PRODUCT_NAME = "$(TARGET_NAME)";
			};
			name = Release;
		};
/* End XCBuildConfiguration section */

/* Begin XCConfigurationList section */
		694E11AA1C99D8FB00B9635B /* Build configuration list for PBXProject "myMonster" */ = {
			isa = XCConfigurationList;
			buildConfigurations = (
				694E11BF1C99D8FB00B9635B /* Debug */,
				694E11C01C99D8FB00B9635B /* Release */,
			);
			defaultConfigurationIsVisible = 0;
			defaultConfigurationName = Release;
		};
		694E11C11C99D8FB00B9635B /* Build configuration list for PBXNativeTarget "myMonster" */ = {
			isa = XCConfigurationList;
			buildConfigurations = (
				694E11C21C99D8FB00B9635B /* Debug */,
				694E11C31C99D8FB00B9635B /* Release */,
			);
			defaultConfigurationIsVisible = 0;
			defaultConfigurationName = Release;
		};
/* End XCConfigurationList section */
	};
	rootObject = 694E11A71C99D8FB00B9635B /* Project object */;
}
